Microsoft Visual Studio Solution File, Format Version 12.00
# Visual Studio Version 17
VisualStudioVersion = 17.5.2.0
MinimumVisualStudioVersion = 10.0.40219.1
Project("{FAE04EC0-301F-11D3-BF4B-00C04F79EFBC}") = "JobApi", "JobApi\JobApi.csproj", "{DD076FF8-5B82-413C-78D0-17E3213A78F8}"
EndProject
Global
	GlobalSection(SolutionConfigurationPlatforms) = preSolution
		Debug|Any CPU = Debug|Any CPU
		Release|Any CPU = Release|Any CPU
	EndGlobalSection
	GlobalSection(ProjectConfigurationPlatforms) = postSolution
		{DD076FF8-5B82-413C-78D0-17E3213A78F8}.Debug|Any CPU.ActiveCfg = Debug|Any CPU
		{DD076FF8-5B82-413C-78D0-17E3213A78F8}.Debug|Any CPU.Build.0 = Debug|Any CPU
		{DD076FF8-5B82-413C-78D0-17E3213A78F8}.Release|Any CPU.ActiveCfg = Release|Any CPU
		{DD076FF8-5B82-413C-78D0-17E3213A78F8}.Release|Any CPU.Build.0 = Release|Any CPU
	EndGlobalSection
	GlobalSection(SolutionProperties) = preSolution
		HideSolutionNode = FALSE
	EndGlobalSection
	GlobalSection(ExtensibilityGlobals) = postSolution
		SolutionGuid = {437469E5-66A0-4A8B-A40C-DBA5C7B1C27C}
	EndGlobalSection
EndGlobal
